// !$*UTF8*$!
{
	archiveVersion = 1;
	classes = {
	};
	objectVersion = 55;
	objects = {

/* Begin PBXBuildFile section */
		38D4A0FBF2E0AB795971B100 /* Mission.swift in Sources */ = {isa = PBXBuildFile; fileRef = 38D4A35EED1EA7E1FE7B6B02 /* Mission.swift */; };
		38D4AA1A1EA67A312A8D5DA6 /* Astronaut.swift in Sources */ = {isa = PBXBuildFile; fileRef = 38D4A4DB6FF4E80F13443096 /* Astronaut.swift */; };
		38D4ADC8A02E679F637EC80D /* Bundle-Decodable.swift in Sources */ = {isa = PBXBuildFile; fileRef = 38D4ADC3FBE7C1698DD64E13 /* Bundle-Decodable.swift */; };
		F077DA6327B3BAB400E04870 /* MoonshotApp.swift in Sources */ = {isa = PBXBuildFile; fileRef = F077DA6227B3BAB400E04870 /* MoonshotApp.swift */; };
		F077DA6527B3BAB400E04870 /* ContentView.swift in Sources */ = {isa = PBXBuildFile; fileRef = F077DA6427B3BAB400E04870 /* ContentView.swift */; };
		F077DA6727B3BAB600E04870 /* Assets.xcassets in Resources */ = {isa = PBXBuildFile; fileRef = F077DA6627B3BAB600E04870 /* Assets.xcassets */; };
		F077DA6A27B3BAB600E04870 /* Preview Assets.xcassets in Resources */ = {isa = PBXBuildFile; fileRef = F077DA6927B3BAB600E04870 /* Preview Assets.xcassets */; };
		F077DA7427B3BAB600E04870 /* MoonshotTests.swift in Sources */ = {isa = PBXBuildFile; fileRef = F077DA7327B3BAB600E04870 /* MoonshotTests.swift */; };
		F077DA7E27B3BAB600E04870 /* MoonshotUITests.swift in Sources */ = {isa = PBXBuildFile; fileRef = F077DA7D27B3BAB600E04870 /* MoonshotUITests.swift */; };
		F077DA8027B3BAB600E04870 /* MoonshotUITestsLaunchTests.swift in Sources */ = {isa = PBXBuildFile; fileRef = F077DA7F27B3BAB600E04870 /* MoonshotUITestsLaunchTests.swift */; };
		F0FA984527B4D4B1003A4022 /* astronauts.json in Resources */ = {isa = PBXBuildFile; fileRef = F0FA984327B4D4B1003A4022 /* astronauts.json */; };
		F0FA984627B4D4B1003A4022 /* missions.json in Resources */ = {isa = PBXBuildFile; fileRef = F0FA984427B4D4B1003A4022 /* missions.json */; };
		F0FA984827B5056E003A4022 /* MissionView.swift in Sources */ = {isa = PBXBuildFile; fileRef = F0FA984727B5056E003A4022 /* MissionView.swift */; };
		F0FA984A27B505AF003A4022 /* Color-Theme.swift in Sources */ = {isa = PBXBuildFile; fileRef = F0FA984927B505AF003A4022 /* Color-Theme.swift */; };
		F0FA984C27B505F5003A4022 /* AstronautView.swift in Sources */ = {isa = PBXBuildFile; fileRef = F0FA984B27B505F5003A4022 /* AstronautView.swift */; };
/* End PBXBuildFile section */

/* Begin PBXContainerItemProxy section */
		F077DA7027B3BAB600E04870 /* PBXContainerItemProxy */ = {
			isa = PBXContainerItemProxy;
			containerPortal = F077DA5727B3BAB400E04870 /* Project object */;
			proxyType = 1;
			remoteGlobalIDString = F077DA5E27B3BAB400E04870;
			remoteInfo = Moonshot;
		};
		F077DA7A27B3BAB600E04870 /* PBXContainerItemProxy */ = {
			isa = PBXContainerItemProxy;
			containerPortal = F077DA5727B3BAB400E04870 /* Project object */;
			proxyType = 1;
			remoteGlobalIDString = F077DA5E27B3BAB400E04870;
			remoteInfo = Moonshot;
		};
/* End PBXContainerItemProxy section */

/* Begin PBXFileReference section */
		38D4A35EED1EA7E1FE7B6B02 /* Mission.swift */ = {isa = PBXFileReference; fileEncoding = 4; lastKnownFileType = sourcecode.swift; path = Mission.swift; sourceTree = "<group>"; };
		38D4A4DB6FF4E80F13443096 /* Astronaut.swift */ = {isa = PBXFileReference; fileEncoding = 4; lastKnownFileType = sourcecode.swift; path = Astronaut.swift; sourceTree = "<group>"; };
		38D4ADC3FBE7C1698DD64E13 /* Bundle-Decodable.swift */ = {isa = PBXFileReference; fileEncoding = 4; lastKnownFileType = sourcecode.swift; path = "Bundle-Decodable.swift"; sourceTree = "<group>"; };
		F077DA5F27B3BAB400E04870 /* Moonshot.app */ = {isa = PBXFileReference; explicitFileType = wrapper.application; includeInIndex = 0; path = Moonshot.app; sourceTree = BUILT_PRODUCTS_DIR; };
		F077DA6227B3BAB400E04870 /* MoonshotApp.swift */ = {isa = PBXFileReference; lastKnownFileType = sourcecode.swift; path = MoonshotApp.swift; sourceTree = "<group>"; };
		F077DA6427B3BAB400E04870 /* ContentView.swift */ = {isa = PBXFileReference; lastKnownFileType = sourcecode.swift; path = ContentView.swift; sourceTree = "<group>"; };
		F077DA6627B3BAB600E04870 /* Assets.xcassets */ = {isa = PBXFileReference; lastKnownFileType = folder.assetcatalog; path = Assets.xcassets; sourceTree = "<group>"; };
		F077DA6927B3BAB600E04870 /* Preview Assets.xcassets */ = {isa = PBXFileReference; lastKnownFileType = folder.assetcatalog; path = "Preview Assets.xcassets"; sourceTree = "<group>"; };
		F077DA6F27B3BAB600E04870 /* MoonshotTests.xctest */ = {isa = PBXFileReference; explicitFileType = wrapper.cfbundle; includeInIndex = 0; path = MoonshotTests.xctest; sourceTree = BUILT_PRODUCTS_DIR; };
		F077DA7327B3BAB600E04870 /* MoonshotTests.swift */ = {isa = PBXFileReference; lastKnownFileType = sourcecode.swift; path = MoonshotTests.swift; sourceTree = "<group>"; };
		F077DA7927B3BAB600E04870 /* MoonshotUITests.xctest */ = {isa = PBXFileReference; explicitFileType = wrapper.cfbundle; includeInIndex = 0; path = MoonshotUITests.xctest; sourceTree = BUILT_PRODUCTS_DIR; };
		F077DA7D27B3BAB600E04870 /* MoonshotUITests.swift */ = {isa = PBXFileReference; lastKnownFileType = sourcecode.swift; path = MoonshotUITests.swift; sourceTree = "<group>"; };
		F077DA7F27B3BAB600E04870 /* MoonshotUITestsLaunchTests.swift */ = {isa = PBXFileReference; lastKnownFileType = sourcecode.swift; path = MoonshotUITestsLaunchTests.swift; sourceTree = "<group>"; };
		F0FA984327B4D4B1003A4022 /* astronauts.json */ = {isa = PBXFileReference; fileEncoding = 4; lastKnownFileType = text.json; name = astronauts.json; path = ../../HackingWithSwift/SwiftUI/project8/Moonshot/astronauts.json; sourceTree = "<group>"; };
		F0FA984427B4D4B1003A4022 /* missions.json */ = {isa = PBXFileReference; fileEncoding = 4; lastKnownFileType = text.json; name = missions.json; path = ../../HackingWithSwift/SwiftUI/project8/Moonshot/missions.json; sourceTree = "<group>"; };
		F0FA984727B5056E003A4022 /* MissionView.swift */ = {isa = PBXFileReference; fileEncoding = 4; lastKnownFileType = sourcecode.swift; name = MissionView.swift; path = ../../HackingWithSwift/SwiftUI/project8/Moonshot/MissionView.swift; sourceTree = "<group>"; };
		F0FA984927B505AF003A4022 /* Color-Theme.swift */ = {isa = PBXFileReference; fileEncoding = 4; lastKnownFileType = sourcecode.swift; name = "Color-Theme.swift"; path = "../../HackingWithSwift/SwiftUI/project8/Moonshot/Color-Theme.swift"; sourceTree = "<group>"; };
		F0FA984B27B505F5003A4022 /* AstronautView.swift */ = {isa = PBXFileReference; fileEncoding = 4; lastKnownFileType = sourcecode.swift; path = AstronautView.swift; sourceTree = "<group>"; };
/* End PBXFileReference section */

/* Begin PBXFrameworksBuildPhase section */
		F077DA5C27B3BAB400E04870 /* Frameworks */ = {
			isa = PBXFrameworksBuildPhase;
			buildActionMask = 2147483647;
			files = (
			);
			runOnlyForDeploymentPostprocessing = 0;
		};
		F077DA6C27B3BAB600E04870 /* Frameworks */ = {
			isa = PBXFrameworksBuildPhase;
			buildActionMask = 2147483647;
			files = (
			);
			runOnlyForDeploymentPostprocessing = 0;
		};
		F077DA7627B3BAB600E04870 /* Frameworks */ = {
			isa = PBXFrameworksBuildPhase;
			buildActionMask = 2147483647;
			files = (
			);
			runOnlyForDeploymentPostprocessing = 0;
		};
/* End PBXFrameworksBuildPhase section */

/* Begin PBXGroup section */
		F077DA5627B3BAB400E04870 = {
			isa = PBXGroup;
			children = (
				F077DA6127B3BAB400E04870 /* Moonshot */,
				F077DA7227B3BAB600E04870 /* MoonshotTests */,
				F077DA7C27B3BAB600E04870 /* MoonshotUITests */,
				F077DA6027B3BAB400E04870 /* Products */,
			);
			sourceTree = "<group>";
		};
		F077DA6027B3BAB400E04870 /* Products */ = {
			isa = PBXGroup;
			children = (
				F077DA5F27B3BAB400E04870 /* Moonshot.app */,
				F077DA6F27B3BAB600E04870 /* MoonshotTests.xctest */,
				F077DA7927B3BAB600E04870 /* MoonshotUITests.xctest */,
			);
			name = Products;
			sourceTree = "<group>";
		};
		F077DA6127B3BAB400E04870 /* Moonshot */ = {
			isa = PBXGroup;
			children = (
				F0FA984B27B505F5003A4022 /* AstronautView.swift */,
				F0FA984927B505AF003A4022 /* Color-Theme.swift */,
				F0FA984727B5056E003A4022 /* MissionView.swift */,
				F0FA984327B4D4B1003A4022 /* astronauts.json */,
				F0FA984427B4D4B1003A4022 /* missions.json */,
				F077DA6227B3BAB400E04870 /* MoonshotApp.swift */,
				F077DA6427B3BAB400E04870 /* ContentView.swift */,
				F077DA6627B3BAB600E04870 /* Assets.xcassets */,
				F077DA6827B3BAB600E04870 /* Preview Content */,
				38D4A4DB6FF4E80F13443096 /* Astronaut.swift */,
				38D4ADC3FBE7C1698DD64E13 /* Bundle-Decodable.swift */,
				38D4A35EED1EA7E1FE7B6B02 /* Mission.swift */,
			);
			path = Moonshot;
			sourceTree = "<group>";
		};
		F077DA6827B3BAB600E04870 /* Preview Content */ = {
			isa = PBXGroup;
			children = (
				F077DA6927B3BAB600E04870 /* Preview Assets.xcassets */,
			);
			path = "Preview Content";
			sourceTree = "<group>";
		};
		F077DA7227B3BAB600E04870 /* MoonshotTests */ = {
			isa = PBXGroup;
			children = (
				F077DA7327B3BAB600E04870 /* MoonshotTests.swift */,
			);
			path = MoonshotTests;
			sourceTree = "<group>";
		};
		F077DA7C27B3BAB600E04870 /* MoonshotUITests */ = {
			isa = PBXGroup;
			children = (
				F077DA7D27B3BAB600E04870 /* MoonshotUITests.swift */,
				F077DA7F27B3BAB600E04870 /* MoonshotUITestsLaunchTests.swift */,
			);
			path = MoonshotUITests;
			sourceTree = "<group>";
		};
/* End PBXGroup section */

/* Begin PBXNativeTarget section */
		F077DA5E27B3BAB400E04870 /* Moonshot */ = {
			isa = PBXNativeTarget;
			buildConfigurationList = F077DA8327B3BAB600E04870 /* Build configuration list for PBXNativeTarget "Moonshot" */;
			buildPhases = (
				F077DA5B27B3BAB400E04870 /* Sources */,
				F077DA5C27B3BAB400E04870 /* Frameworks */,
				F077DA5D27B3BAB400E04870 /* Resources */,
			);
			buildRules = (
			);
			dependencies = (
			);
			name = Moonshot;
			productName = Moonshot;
			productReference = F077DA5F27B3BAB400E04870 /* Moonshot.app */;
			productType = "com.apple.product-type.application";
		};
		F077DA6E27B3BAB600E04870 /* MoonshotTests */ = {
			isa = PBXNativeTarget;
			buildConfigurationList = F077DA8627B3BAB600E04870 /* Build configuration list for PBXNativeTarget "MoonshotTests" */;
			buildPhases = (
				F077DA6B27B3BAB600E04870 /* Sources */,
				F077DA6C27B3BAB600E04870 /* Frameworks */,
				F077DA6D27B3BAB600E04870 /* Resources */,
			);
			buildRules = (
			);
			dependencies = (
				F077DA7127B3BAB600E04870 /* PBXTargetDependency */,
			);
			name = MoonshotTests;
			productName = MoonshotTests;
			productReference = F077DA6F27B3BAB600E04870 /* MoonshotTests.xctest */;
			productType = "com.apple.product-type.bundle.unit-test";
		};
		F077DA7827B3BAB600E04870 /* MoonshotUITests */ = {
			isa = PBXNativeTarget;
			buildConfigurationList = F077DA8927B3BAB600E04870 /* Build configuration list for PBXNativeTarget "MoonshotUITests" */;
			buildPhases = (
				F077DA7527B3BAB600E04870 /* Sources */,
				F077DA7627B3BAB600E04870 /* Frameworks */,
				F077DA7727B3BAB600E04870 /* Resources */,
			);
			buildRules = (
			);
			dependencies = (
				F077DA7B27B3BAB600E04870 /* PBXTargetDependency */,
			);
			name = MoonshotUITests;
			productName = MoonshotUITests;
			productReference = F077DA7927B3BAB600E04870 /* MoonshotUITests.xctest */;
			productType = "com.apple.product-type.bundle.ui-testing";
		};
/* End PBXNativeTarget section */

/* Begin PBXProject section */
		F077DA5727B3BAB400E04870 /* Project object */ = {
			isa = PBXProject;
			attributes = {
				BuildIndependentTargetsInParallel = 1;
				LastSwiftUpdateCheck = 1320;
				LastUpgradeCheck = 1320;
				TargetAttributes = {
					F077DA5E27B3BAB400E04870 = {
						CreatedOnToolsVersion = 13.2.1;
					};
					F077DA6E27B3BAB600E04870 = {
						CreatedOnToolsVersion = 13.2.1;
						TestTargetID = F077DA5E27B3BAB400E04870;
					};
					F077DA7827B3BAB600E04870 = {
						CreatedOnToolsVersion = 13.2.1;
						TestTargetID = F077DA5E27B3BAB400E04870;
					};
				};
			};
			buildConfigurationList = F077DA5A27B3BAB400E04870 /* Build configuration list for PBXProject "Moonshot" */;
			compatibilityVersion = "Xcode 13.0";
			developmentRegion = en;
			hasScannedForEncodings = 0;
			knownRegions = (
				en,
				Base,
			);
			mainGroup = F077DA5627B3BAB400E04870;
			productRefGroup = F077DA6027B3BAB400E04870 /* Products */;
			projectDirPath = "";
			projectRoot = "";
			targets = (
				F077DA5E27B3BAB400E04870 /* Moonshot */,
				F077DA6E27B3BAB600E04870 /* MoonshotTests */,
				F077DA7827B3BAB600E04870 /* MoonshotUITests */,
			);
		};
/* End PBXProject section */

/* Begin PBXResourcesBuildPhase section */
		F077DA5D27B3BAB400E04870 /* Resources */ = {
			isa = PBXResourcesBuildPhase;
			buildActionMask = 2147483647;
			files = (
				F0FA984527B4D4B1003A4022 /* astronauts.json in Resources */,
				F077DA6A27B3BAB600E04870 /* Preview Assets.xcassets in Resources */,
				F0FA984627B4D4B1003A4022 /* missions.json in Resources */,
				F077DA6727B3BAB600E04870 /* Assets.xcassets in Resources */,
			);
			runOnlyForDeploymentPostprocessing = 0;
		};
		F077DA6D27B3BAB600E04870 /* Resources */ = {
			isa = PBXResourcesBuildPhase;
			buildActionMask = 2147483647;
			files = (
			);
			runOnlyForDeploymentPostprocessing = 0;
		};
		F077DA7727B3BAB600E04870 /* Resources */ = {
			isa = PBXResourcesBuildPhase;
			buildActionMask = 2147483647;
			files = (
			);
			runOnlyForDeploymentPostprocessing = 0;
		};
/* End PBXResourcesBuildPhase section */

/* Begin PBXSourcesBuildPhase section */
		F077DA5B27B3BAB400E04870 /* Sources */ = {
			isa = PBXSourcesBuildPhase;
			buildActionMask = 2147483647;
			files = (
				F0FA984827B5056E003A4022 /* MissionView.swift in Sources */,
				F077DA6527B3BAB400E04870 /* ContentView.swift in Sources */,
				F0FA984C27B505F5003A4022 /* AstronautView.swift in Sources */,
				F077DA6327B3BAB400E04870 /* MoonshotApp.swift in Sources */,
				F0FA984A27B505AF003A4022 /* Color-Theme.swift in Sources */,
				38D4AA1A1EA67A312A8D5DA6 /* Astronaut.swift in Sources */,
				38D4ADC8A02E679F637EC80D /* Bundle-Decodable.swift in Sources */,
				38D4A0FBF2E0AB795971B100 /* Mission.swift in Sources */,
			);
			runOnlyForDeploymentPostprocessing = 0;
		};
		F077DA6B27B3BAB600E04870 /* Sources */ = {
			isa = PBXSourcesBuildPhase;
			buildActionMask = 2147483647;
			files = (
				F077DA7427B3BAB600E04870 /* MoonshotTests.swift in Sources */,
			);
			runOnlyForDeploymentPostprocessing = 0;
		};
		F077DA7527B3BAB600E04870 /* Sources */ = {
			isa = PBXSourcesBuildPhase;
			buildActionMask = 2147483647;
			files = (
				F077DA8027B3BAB600E04870 /* MoonshotUITestsLaunchTests.swift in Sources */,
				F077DA7E27B3BAB600E04870 /* MoonshotUITests.swift in Sources */,
			);
			runOnlyForDeploymentPostprocessing = 0;
		};
/* End PBXSourcesBuildPhase section */

/* Begin PBXTargetDependency section */
		F077DA7127B3BAB600E04870 /* PBXTargetDependency */ = {
			isa = PBXTargetDependency;
			target = F077DA5E27B3BAB400E04870 /* Moonshot */;
			targetProxy = F077DA7027B3BAB600E04870 /* PBXContainerItemProxy */;
		};
		F077DA7B27B3BAB600E04870 /* PBXTargetDependency */ = {
			isa = PBXTargetDependency;
			target = F077DA5E27B3BAB400E04870 /* Moonshot */;
			targetProxy = F077DA7A27B3BAB600E04870 /* PBXContainerItemProxy */;
		};
/* End PBXTargetDependency section */

/* Begin XCBuildConfiguration section */
		F077DA8127B3BAB600E04870 /* Debug */ = {
			isa = XCBuildConfiguration;
			buildSettings = {
				ALWAYS_SEARCH_USER_PATHS = NO;
				CLANG_ANALYZER_NONNULL = YES;
				CLANG_ANALYZER_NUMBER_OBJECT_CONVERSION = YES_AGGRESSIVE;
				CLANG_CXX_LANGUAGE_STANDARD = "gnu++17";
				CLANG_CXX_LIBRARY = "libc++";
				CLANG_ENABLE_MODULES = YES;
				CLANG_ENABLE_OBJC_ARC = YES;
				CLANG_ENABLE_OBJC_WEAK = YES;
				CLANG_WARN_BLOCK_CAPTURE_AUTORELEASING = YES;
				CLANG_WARN_BOOL_CONVERSION = YES;
				CLANG_WARN_COMMA = YES;
				CLANG_WARN_CONSTANT_CONVERSION = YES;
				CLANG_WARN_DEPRECATED_OBJC_IMPLEMENTATIONS = YES;
				CLANG_WARN_DIRECT_OBJC_ISA_USAGE = YES_ERROR;
				CLANG_WARN_DOCUMENTATION_COMMENTS = YES;
				CLANG_WARN_EMPTY_BODY = YES;
				CLANG_WARN_ENUM_CONVERSION = YES;
				CLANG_WARN_INFINITE_RECURSION = YES;
				CLANG_WARN_INT_CONVERSION = YES;
				CLANG_WARN_NON_LITERAL_NULL_CONVERSION = YES;
				CLANG_WARN_OBJC_IMPLICIT_RETAIN_SELF = YES;
				CLANG_WARN_OBJC_LITERAL_CONVERSION = YES;
				CLANG_WARN_OBJC_ROOT_CLASS = YES_ERROR;
				CLANG_WARN_QUOTED_INCLUDE_IN_FRAMEWORK_HEADER = YES;
				CLANG_WARN_RANGE_LOOP_ANALYSIS = YES;
				CLANG_WARN_STRICT_PROTOTYPES = YES;
				CLANG_WARN_SUSPICIOUS_MOVE = YES;
				CLANG_WARN_UNGUARDED_AVAILABILITY = YES_AGGRESSIVE;
				CLANG_WARN_UNREACHABLE_CODE = YES;
				CLANG_WARN__DUPLICATE_METHOD_MATCH = YES;
				COPY_PHASE_STRIP = NO;
				DEBUG_INFORMATION_FORMAT = dwarf;
				ENABLE_STRICT_OBJC_MSGSEND = YES;
				ENABLE_TESTABILITY = YES;
				GCC_C_LANGUAGE_STANDARD = gnu11;
				GCC_DYNAMIC_NO_PIC = NO;
				GCC_NO_COMMON_BLOCKS = YES;
				GCC_OPTIMIZATION_LEVEL = 0;
				GCC_PREPROCESSOR_DEFINITIONS = (
					"DEBUG=1",
					"$(inherited)",
				);
				GCC_WARN_64_TO_32_BIT_CONVERSION = YES;
				GCC_WARN_ABOUT_RETURN_TYPE = YES_ERROR;
				GCC_WARN_UNDECLARED_SELECTOR = YES;
				GCC_WARN_UNINITIALIZED_AUTOS = YES_AGGRESSIVE;
				GCC_WARN_UNUSED_FUNCTION = YES;
				GCC_WARN_UNUSED_VARIABLE = YES;
				IPHONEOS_DEPLOYMENT_TARGET = 15.2;
				MTL_ENABLE_DEBUG_INFO = INCLUDE_SOURCE;
				MTL_FAST_MATH = YES;
				ONLY_ACTIVE_ARCH = YES;
				SDKROOT = iphoneos;
				SWIFT_ACTIVE_COMPILATION_CONDITIONS = DEBUG;
				SWIFT_OPTIMIZATION_LEVEL = "-Onone";
			};
			name = Debug;
		};
		F077DA8227B3BAB600E04870 /* Release */ = {
			isa = XCBuildConfiguration;
			buildSettings = {
				ALWAYS_SEARCH_USER_PATHS = NO;
				CLANG_ANALYZER_NONNULL = YES;
				CLANG_ANALYZER_NUMBER_OBJECT_CONVERSION = YES_AGGRESSIVE;
				CLANG_CXX_LANGUAGE_STANDARD = "gnu++17";
				CLANG_CXX_LIBRARY = "libc++";
				CLANG_ENABLE_MODULES = YES;
				CLANG_ENABLE_OBJC_ARC = YES;
				CLANG_ENABLE_OBJC_WEAK = YES;
				CLANG_WARN_BLOCK_CAPTURE_AUTORELEASING = YES;
				CLANG_WARN_BOOL_CONVERSION = YES;
				CLANG_WARN_COMMA = YES;
				CLANG_WARN_CONSTANT_CONVERSION = YES;
				CLANG_WARN_DEPRECATED_OBJC_IMPLEMENTATIONS = YES;
				CLANG_WARN_DIRECT_OBJC_ISA_USAGE = YES_ERROR;
				CLANG_WARN_DOCUMENTATION_COMMENTS = YES;
				CLANG_WARN_EMPTY_BODY = YES;
				CLANG_WARN_ENUM_CONVERSION = YES;
				CLANG_WARN_INFINITE_RECURSION = YES;
				CLANG_WARN_INT_CONVERSION = YES;
				CLANG_WARN_NON_LITERAL_NULL_CONVERSION = YES;
				CLANG_WARN_OBJC_IMPLICIT_RETAIN_SELF = YES;
				CLANG_WARN_OBJC_LITERAL_CONVERSION = YES;
				CLANG_WARN_OBJC_ROOT_CLASS = YES_ERROR;
				CLANG_WARN_QUOTED_INCLUDE_IN_FRAMEWORK_HEADER = YES;
				CLANG_WARN_RANGE_LOOP_ANALYSIS = YES;
				CLANG_WARN_STRICT_PROTOTYPES = YES;
				CLANG_WARN_SUSPICIOUS_MOVE = YES;
				CLANG_WARN_UNGUARDED_AVAILABILITY = YES_AGGRESSIVE;
				CLANG_WARN_UNREACHABLE_CODE = YES;
				CLANG_WARN__DUPLICATE_METHOD_MATCH = YES;
				COPY_PHASE_STRIP = NO;
				DEBUG_INFORMATION_FORMAT = "dwarf-with-dsym";
				ENABLE_NS_ASSERTIONS = NO;
				ENABLE_STRICT_OBJC_MSGSEND = YES;
				GCC_C_LANGUAGE_STANDARD = gnu11;
				GCC_NO_COMMON_BLOCKS = YES;
				GCC_WARN_64_TO_32_BIT_CONVERSION = YES;
				GCC_WARN_ABOUT_RETURN_TYPE = YES_ERROR;
				GCC_WARN_UNDECLARED_SELECTOR = YES;
				GCC_WARN_UNINITIALIZED_AUTOS = YES_AGGRESSIVE;
				GCC_WARN_UNUSED_FUNCTION = YES;
				GCC_WARN_UNUSED_VARIABLE = YES;
				IPHONEOS_DEPLOYMENT_TARGET = 15.2;
				MTL_ENABLE_DEBUG_INFO = NO;
				MTL_FAST_MATH = YES;
				SDKROOT = iphoneos;
				SWIFT_COMPILATION_MODE = wholemodule;
				SWIFT_OPTIMIZATION_LEVEL = "-O";
				VALIDATE_PRODUCT = YES;
			};
			name = Release;
		};
		F077DA8427B3BAB600E04870 /* Debug */ = {
			isa = XCBuildConfiguration;
			buildSettings = {
				ASSETCATALOG_COMPILER_APPICON_NAME = AppIcon;
				ASSETCATALOG_COMPILER_GLOBAL_ACCENT_COLOR_NAME = AccentColor;
				CODE_SIGN_STYLE = Automatic;
				CURRENT_PROJECT_VERSION = 1;
				DEVELOPMENT_ASSET_PATHS = "\"Moonshot/Preview Content\"";
				DEVELOPMENT_TEAM = K34ST9YXSY;
				ENABLE_PREVIEWS = YES;
				GENERATE_INFOPLIST_FILE = YES;
				INFOPLIST_KEY_UIApplicationSceneManifest_Generation = YES;
				INFOPLIST_KEY_UIApplicationSupportsIndirectInputEvents = YES;
				INFOPLIST_KEY_UILaunchScreen_Generation = YES;
				INFOPLIST_KEY_UISupportedInterfaceOrientations_iPad = "UIInterfaceOrientationPortrait UIInterfaceOrientationPortraitUpsideDown UIInterfaceOrientationLandscapeLeft UIInterfaceOrientationLandscapeRight";
				INFOPLIST_KEY_UISupportedInterfaceOrientations_iPhone = "UIInterfaceOrientationPortrait UIInterfaceOrientationLandscapeLeft UIInterfaceOrientationLandscapeRight";
				LD_RUNPATH_SEARCH_PATHS = (
					"$(inherited)",
					"@executable_path/Frameworks",
				);
				MARKETING_VERSION = 1.0;
				PRODUCT_BUNDLE_IDENTIFIER = pub.huanxi.swift.Moonshot;
				PRODUCT_NAME = "$(TARGET_NAME)";
				SWIFT_EMIT_LOC_STRINGS = YES;
				SWIFT_VERSION = 5.0;
				TARGETED_DEVICE_FAMILY = "1,2";
			};
			name = Debug;
		};
		F077DA8527B3BAB600E04870 /* Release */ = {
			isa = XCBuildConfiguration;
			buildSettings = {
				ASSETCATALOG_COMPILER_APPICON_NAME = AppIcon;
				ASSETCATALOG_COMPILER_GLOBAL_ACCENT_COLOR_NAME = AccentColor;
				CODE_SIGN_STYLE = Automatic;
				CURRENT_PROJECT_VERSION = 1;
				DEVELOPMENT_ASSET_PATHS = "\"Moonshot/Preview Content\"";
				DEVELOPMENT_TEAM = K34ST9YXSY;
				ENABLE_PREVIEWS = YES;
				GENERATE_INFOPLIST_FILE = YES;
				INFOPLIST_KEY_UIApplicationSceneManifest_Generation = YES;
				INFOPLIST_KEY_UIApplicationSupportsIndirectInputEvents = YES;
				INFOPLIST_KEY_UILaunchScreen_Generation = YES;
				INFOPLIST_KEY_UISupportedInterfaceOrientations_iPad = "UIInterfaceOrientationPortrait UIInterfaceOrientationPortraitUpsideDown UIInterfaceOrientationLandscapeLeft UIInterfaceOrientationLandscapeRight";
				INFOPLIST_KEY_UISupportedInterfaceOrientations_iPhone = "UIInterfaceOrientationPortrait UIInterfaceOrientationLandscapeLeft UIInterfaceOrientationLandscapeRight";
				LD_RUNPATH_SEARCH_PATHS = (
					"$(inherited)",
					"@executable_path/Frameworks",
				);
				MARKETING_VERSION = 1.0;
				PRODUCT_BUNDLE_IDENTIFIER = pub.huanxi.swift.Moonshot;
				PRODUCT_NAME = "$(TARGET_NAME)";
				SWIFT_EMIT_LOC_STRINGS = YES;
				SWIFT_VERSION = 5.0;
				TARGETED_DEVICE_FAMILY = "1,2";
			};
			name = Release;
		};
		F077DA8727B3BAB600E04870 /* Debug */ = {
			isa = XCBuildConfiguration;
			buildSettings = {
				ALWAYS_EMBED_SWIFT_STANDARD_LIBRARIES = YES;
				BUNDLE_LOADER = "$(TEST_HOST)";
				CODE_SIGN_STYLE = Automatic;
				CURRENT_PROJECT_VERSION = 1;
				DEVELOPMENT_TEAM = K34ST9YXSY;
				GENERATE_INFOPLIST_FILE = YES;
				IPHONEOS_DEPLOYMENT_TARGET = 15.2;
				MARKETING_VERSION = 1.0;
				PRODUCT_BUNDLE_IDENTIFIER = pub.huanxi.swift.MoonshotTests;
				PRODUCT_NAME = "$(TARGET_NAME)";
				SWIFT_EMIT_LOC_STRINGS = NO;
				SWIFT_VERSION = 5.0;
				TARGETED_DEVICE_FAMILY = "1,2";
				TEST_HOST = "$(BUILT_PRODUCTS_DIR)/Moonshot.app/Moonshot";
			};
			name = Debug;
		};
		F077DA8827B3BAB600E04870 /* Release */ = {
			isa = XCBuildConfiguration;
			buildSettings = {
				ALWAYS_EMBED_SWIFT_STANDARD_LIBRARIES = YES;
				BUNDLE_LOADER = "$(TEST_HOST)";
				CODE_SIGN_STYLE = Automatic;
				CURRENT_PROJECT_VERSION = 1;
				DEVELOPMENT_TEAM = K34ST9YXSY;
				GENERATE_INFOPLIST_FILE = YES;
				IPHONEOS_DEPLOYMENT_TARGET = 15.2;
				MARKETING_VERSION = 1.0;
				PRODUCT_BUNDLE_IDENTIFIER = pub.huanxi.swift.MoonshotTests;
				PRODUCT_NAME = "$(TARGET_NAME)";
				SWIFT_EMIT_LOC_STRINGS = NO;
				SWIFT_VERSION = 5.0;
				TARGETED_DEVICE_FAMILY = "1,2";
				TEST_HOST = "$(BUILT_PRODUCTS_DIR)/Moonshot.app/Moonshot";
			};
			name = Release;
		};
		F077DA8A27B3BAB600E04870 /* Debug */ = {
			isa = XCBuildConfiguration;
			buildSettings = {
				ALWAYS_EMBED_SWIFT_STANDARD_LIBRARIES = YES;
				CODE_SIGN_STYLE = Automatic;
				CURRENT_PROJECT_VERSION = 1;
				DEVELOPMENT_TEAM = K34ST9YXSY;
				GENERATE_INFOPLIST_FILE = YES;
				MARKETING_VERSION = 1.0;
				PRODUCT_BUNDLE_IDENTIFIER = pub.huanxi.swift.MoonshotUITests;
				PRODUCT_NAME = "$(TARGET_NAME)";
				SWIFT_EMIT_LOC_STRINGS = NO;
				SWIFT_VERSION = 5.0;
				TARGETED_DEVICE_FAMILY = "1,2";
				TEST_TARGET_NAME = Moonshot;
			};
			name = Debug;
		};
		F077DA8B27B3BAB600E04870 /* Release */ = {
			isa = XCBuildConfiguration;
			buildSettings = {
				ALWAYS_EMBED_SWIFT_STANDARD_LIBRARIES = YES;
				CODE_SIGN_STYLE = Automatic;
				CURRENT_PROJECT_VERSION = 1;
				DEVELOPMENT_TEAM = K34ST9YXSY;
				GENERATE_INFOPLIST_FILE = YES;
				MARKETING_VERSION = 1.0;
				PRODUCT_BUNDLE_IDENTIFIER = pub.huanxi.swift.MoonshotUITests;
				PRODUCT_NAME = "$(TARGET_NAME)";
				SWIFT_EMIT_LOC_STRINGS = NO;
				SWIFT_VERSION = 5.0;
				TARGETED_DEVICE_FAMILY = "1,2";
				TEST_TARGET_NAME = Moonshot;
			};
			name = Release;
		};
/* End XCBuildConfiguration section */

/* Begin XCConfigurationList section */
		F077DA5A27B3BAB400E04870 /* Build configuration list for PBXProject "Moonshot" */ = {
			isa = XCConfigurationList;
			buildConfigurations = (
				F077DA8127B3BAB600E04870 /* Debug */,
				F077DA8227B3BAB600E04870 /* Release */,
			);
			defaultConfigurationIsVisible = 0;
			defaultConfigurationName = Release;
		};
		F077DA8327B3BAB600E04870 /* Build configuration list for PBXNativeTarget "Moonshot" */ = {
			isa = XCConfigurationList;
			buildConfigurations = (
				F077DA8427B3BAB600E04870 /* Debug */,
				F077DA8527B3BAB600E04870 /* Release */,
			);
			defaultConfigurationIsVisible = 0;
			defaultConfigurationName = Release;
		};
		F077DA8627B3BAB600E04870 /* Build configuration list for PBXNativeTarget "MoonshotTests" */ = {
			isa = XCConfigurationList;
			buildConfigurations = (
				F077DA8727B3BAB600E04870 /* Debug */,
				F077DA8827B3BAB600E04870 /* Release */,
			);
			defaultConfigurationIsVisible = 0;
			defaultConfigurationName = Release;
		};
		F077DA8927B3BAB600E04870 /* Build configuration list for PBXNativeTarget "MoonshotUITests" */ = {
			isa = XCConfigurationList;
			buildConfigurations = (
				F077DA8A27B3BAB600E04870 /* Debug */,
				F077DA8B27B3BAB600E04870 /* Release */,
			);
			defaultConfigurationIsVisible = 0;
			defaultConfigurationName = Release;
		};
/* End XCConfigurationList section */
	};
	rootObject = F077DA5727B3BAB400E04870 /* Project object */;
}
